// !$*UTF8*$!
{
	archiveVersion = 1;
	classes = {
	};
	objectVersion = 46;
	objects = {

/* Begin PBXBuildFile section */
		19171F4E1B9ACF7E00C43412 /* main.m in Sources */ = {isa = PBXBuildFile; fileRef = 19171F4D1B9ACF7E00C43412 /* main.m */; };
		19171F511B9ACF7E00C43412 /* AppDelegate.m in Sources */ = {isa = PBXBuildFile; fileRef = 19171F501B9ACF7E00C43412 /* AppDelegate.m */; };
		19171F541B9ACF7E00C43412 /* ViewController.m in Sources */ = {isa = PBXBuildFile; fileRef = 19171F531B9ACF7E00C43412 /* ViewController.m */; };
		19171F571B9ACF7E00C43412 /* Main.storyboard in Resources */ = {isa = PBXBuildFile; fileRef = 19171F551B9ACF7E00C43412 /* Main.storyboard */; };
		19171F591B9ACF7E00C43412 /* Images.xcassets in Resources */ = {isa = PBXBuildFile; fileRef = 19171F581B9ACF7E00C43412 /* Images.xcassets */; };
		19171F5C1B9ACF7E00C43412 /* LaunchScreen.xib in Resources */ = {isa = PBXBuildFile; fileRef = 19171F5A1B9ACF7E00C43412 /* LaunchScreen.xib */; };
		19171F681B9ACF7E00C43412 /* RadioLoveEnglishTests.m in Sources */ = {isa = PBXBuildFile; fileRef = 19171F671B9ACF7E00C43412 /* RadioLoveEnglishTests.m */; };
/* End PBXBuildFile section */

/* Begin PBXContainerItemProxy section */
		19171F621B9ACF7E00C43412 /* PBXContainerItemProxy */ = {
			isa = PBXContainerItemProxy;
			containerPortal = 19171F401B9ACF7E00C43412 /* Project object */;
			proxyType = 1;
			remoteGlobalIDString = 19171F471B9ACF7E00C43412;
			remoteInfo = RadioLoveEnglish;
		};
/* End PBXContainerItemProxy section */

/* Begin PBXFileReference section */
		19171F481B9ACF7E00C43412 /* RadioLoveEnglish.app */ = {isa = PBXFileReference; explicitFileType = wrapper.application; includeInIndex = 0; path = RadioLoveEnglish.app; sourceTree = BUILT_PRODUCTS_DIR; };
		19171F4C1B9ACF7E00C43412 /* Info.plist */ = {isa = PBXFileReference; lastKnownFileType = text.plist.xml; path = Info.plist; sourceTree = "<group>"; };
		19171F4D1B9ACF7E00C43412 /* main.m */ = {isa = PBXFileReference; lastKnownFileType = sourcecode.c.objc; path = main.m; sourceTree = "<group>"; };
		19171F4F1B9ACF7E00C43412 /* AppDelegate.h */ = {isa = PBXFileReference; lastKnownFileType = sourcecode.c.h; path = AppDelegate.h; sourceTree = "<group>"; };
		19171F501B9ACF7E00C43412 /* AppDelegate.m */ = {isa = PBXFileReference; lastKnownFileType = sourcecode.c.objc; path = AppDelegate.m; sourceTree = "<group>"; };
		19171F521B9ACF7E00C43412 /* ViewController.h */ = {isa = PBXFileReference; lastKnownFileType = sourcecode.c.h; path = ViewController.h; sourceTree = "<group>"; };
		19171F531B9ACF7E00C43412 /* ViewController.m */ = {isa = PBXFileReference; lastKnownFileType = sourcecode.c.objc; path = ViewController.m; sourceTree = "<group>"; };
		19171F561B9ACF7E00C43412 /* Base */ = {isa = PBXFileReference; lastKnownFileType = file.storyboard; name = Base; path = Base.lproj/Main.storyboard; sourceTree = "<group>"; };
		19171F581B9ACF7E00C43412 /* Images.xcassets */ = {isa = PBXFileReference; lastKnownFileType = folder.assetcatalog; path = Images.xcassets; sourceTree = "<group>"; };
		19171F5B1B9ACF7E00C43412 /* Base */ = {isa = PBXFileReference; lastKnownFileType = file.xib; name = Base; path = Base.lproj/LaunchScreen.xib; sourceTree = "<group>"; };
		19171F611B9ACF7E00C43412 /* RadioLoveEnglishTests.xctest */ = {isa = PBXFileReference; explicitFileType = wrapper.cfbundle; includeInIndex = 0; path = RadioLoveEnglishTests.xctest; sourceTree = BUILT_PRODUCTS_DIR; };
		19171F661B9ACF7E00C43412 /* Info.plist */ = {isa = PBXFileReference; lastKnownFileType = text.plist.xml; path = Info.plist; sourceTree = "<group>"; };
		19171F671B9ACF7E00C43412 /* RadioLoveEnglishTests.m */ = {isa = PBXFileReference; lastKnownFileType = sourcecode.c.objc; path = RadioLoveEnglishTests.m; sourceTree = "<group>"; };
/* End PBXFileReference section */

/* Begin PBXFrameworksBuildPhase section */
		19171F451B9ACF7E00C43412 /* Frameworks */ = {
			isa = PBXFrameworksBuildPhase;
			buildActionMask = 2147483647;
			files = (
			);
			runOnlyForDeploymentPostprocessing = 0;
		};
		19171F5E1B9ACF7E00C43412 /* Frameworks */ = {
			isa = PBXFrameworksBuildPhase;
			buildActionMask = 2147483647;
			files = (
			);
			runOnlyForDeploymentPostprocessing = 0;
		};
/* End PBXFrameworksBuildPhase section */

/* Begin PBXGroup section */
		19171F3F1B9ACF7E00C43412 = {
			isa = PBXGroup;
			children = (
				19171F4A1B9ACF7E00C43412 /* RadioLoveEnglish */,
				19171F641B9ACF7E00C43412 /* RadioLoveEnglishTests */,
				19171F491B9ACF7E00C43412 /* Products */,
			);
			sourceTree = "<group>";
		};
		19171F491B9ACF7E00C43412 /* Products */ = {
			isa = PBXGroup;
			children = (
				19171F481B9ACF7E00C43412 /* RadioLoveEnglish.app */,
				19171F611B9ACF7E00C43412 /* RadioLoveEnglishTests.xctest */,
			);
			name = Products;
			sourceTree = "<group>";
		};
		19171F4A1B9ACF7E00C43412 /* RadioLoveEnglish */ = {
			isa = PBXGroup;
			children = (
				19171F4F1B9ACF7E00C43412 /* AppDelegate.h */,
				19171F501B9ACF7E00C43412 /* AppDelegate.m */,
				19171F521B9ACF7E00C43412 /* ViewController.h */,
				19171F531B9ACF7E00C43412 /* ViewController.m */,
				19171F551B9ACF7E00C43412 /* Main.storyboard */,
				19171F581B9ACF7E00C43412 /* Images.xcassets */,
				19171F5A1B9ACF7E00C43412 /* LaunchScreen.xib */,
				19171F4B1B9ACF7E00C43412 /* Supporting Files */,
			);
			path = RadioLoveEnglish;
			sourceTree = "<group>";
		};
		19171F4B1B9ACF7E00C43412 /* Supporting Files */ = {
			isa = PBXGroup;
			children = (
				19171F4C1B9ACF7E00C43412 /* Info.plist */,
				19171F4D1B9ACF7E00C43412 /* main.m */,
			);
			name = "Supporting Files";
			sourceTree = "<group>";
		};
		19171F641B9ACF7E00C43412 /* RadioLoveEnglishTests */ = {
			isa = PBXGroup;
			children = (
				19171F671B9ACF7E00C43412 /* RadioLoveEnglishTests.m */,
				19171F651B9ACF7E00C43412 /* Supporting Files */,
			);
			path = RadioLoveEnglishTests;
			sourceTree = "<group>";
		};
		19171F651B9ACF7E00C43412 /* Supporting Files */ = {
			isa = PBXGroup;
			children = (
				19171F661B9ACF7E00C43412 /* Info.plist */,
			);
			name = "Supporting Files";
			sourceTree = "<group>";
		};
/* End PBXGroup section */

/* Begin PBXNativeTarget section */
		19171F471B9ACF7E00C43412 /* RadioLoveEnglish */ = {
			isa = PBXNativeTarget;
			buildConfigurationList = 19171F6B1B9ACF7E00C43412 /* Build configuration list for PBXNativeTarget "RadioLoveEnglish" */;
			buildPhases = (
				19171F441B9ACF7E00C43412 /* Sources */,
				19171F451B9ACF7E00C43412 /* Frameworks */,
				19171F461B9ACF7E00C43412 /* Resources */,
			);
			buildRules = (
			);
			dependencies = (
			);
			name = RadioLoveEnglish;
			productName = RadioLoveEnglish;
			productReference = 19171F481B9ACF7E00C43412 /* RadioLoveEnglish.app */;
			productType = "com.apple.product-type.application";
		};
		19171F601B9ACF7E00C43412 /* RadioLoveEnglishTests */ = {
			isa = PBXNativeTarget;
			buildConfigurationList = 19171F6E1B9ACF7E00C43412 /* Build configuration list for PBXNativeTarget "RadioLoveEnglishTests" */;
			buildPhases = (
				19171F5D1B9ACF7E00C43412 /* Sources */,
				19171F5E1B9ACF7E00C43412 /* Frameworks */,
				19171F5F1B9ACF7E00C43412 /* Resources */,
			);
			buildRules = (
			);
			dependencies = (
				19171F631B9ACF7E00C43412 /* PBXTargetDependency */,
			);
			name = RadioLoveEnglishTests;
			productName = RadioLoveEnglishTests;
			productReference = 19171F611B9ACF7E00C43412 /* RadioLoveEnglishTests.xctest */;
			productType = "com.apple.product-type.bundle.unit-test";
		};
/* End PBXNativeTarget section */

/* Begin PBXProject section */
		19171F401B9ACF7E00C43412 /* Project object */ = {
			isa = PBXProject;
			attributes = {
				LastUpgradeCheck = 0640;
				ORGANIZATIONNAME = meosoft;
				TargetAttributes = {
					19171F471B9ACF7E00C43412 = {
						CreatedOnToolsVersion = 6.4;
					};
					19171F601B9ACF7E00C43412 = {
						CreatedOnToolsVersion = 6.4;
						TestTargetID = 19171F471B9ACF7E00C43412;
					};
				};
			};
			buildConfigurationList = 19171F431B9ACF7E00C43412 /* Build configuration list for PBXProject "RadioLoveEnglish" */;
			compatibilityVersion = "Xcode 3.2";
			developmentRegion = English;
			hasScannedForEncodings = 0;
			knownRegions = (
				en,
				Base,
			);
			mainGroup = 19171F3F1B9ACF7E00C43412;
			productRefGroup = 19171F491B9ACF7E00C43412 /* Products */;
			projectDirPath = "";
			projectRoot = "";
			targets = (
				19171F471B9ACF7E00C43412 /* RadioLoveEnglish */,
				19171F601B9ACF7E00C43412 /* RadioLoveEnglishTests */,
			);
		};
/* End PBXProject section */

/* Begin PBXResourcesBuildPhase section */
		19171F461B9ACF7E00C43412 /* Resources */ = {
			isa = PBXResourcesBuildPhase;
			buildActionMask = 2147483647;
			files = (
				19171F571B9ACF7E00C43412 /* Main.storyboard in Resources */,
				19171F5C1B9ACF7E00C43412 /* LaunchScreen.xib in Resources */,
				19171F591B9ACF7E00C43412 /* Images.xcassets in Resources */,
			);
			runOnlyForDeploymentPostprocessing = 0;
		};
		19171F5F1B9ACF7E00C43412 /* Resources */ = {
			isa = PBXResourcesBuildPhase;
			buildActionMask = 2147483647;
			files = (
			);
			runOnlyForDeploymentPostprocessing = 0;
		};
/* End PBXResourcesBuildPhase section */

/* Begin PBXSourcesBuildPhase section */
		19171F441B9ACF7E00C43412 /* Sources */ = {
			isa = PBXSourcesBuildPhase;
			buildActionMask = 2147483647;
			files = (
				19171F541B9ACF7E00C43412 /* ViewController.m in Sources */,
				19171F511B9ACF7E00C43412 /* AppDelegate.m in Sources */,
				19171F4E1B9ACF7E00C43412 /* main.m in Sources */,
			);
			runOnlyForDeploymentPostprocessing = 0;
		};
		19171F5D1B9ACF7E00C43412 /* Sources */ = {
			isa = PBXSourcesBuildPhase;
			buildActionMask = 2147483647;
			files = (
				19171F681B9ACF7E00C43412 /* RadioLoveEnglishTests.m in Sources */,
			);
			runOnlyForDeploymentPostprocessing = 0;
		};
/* End PBXSourcesBuildPhase section */

/* Begin PBXTargetDependency section */
		19171F631B9ACF7E00C43412 /* PBXTargetDependency */ = {
			isa = PBXTargetDependency;
			target = 19171F471B9ACF7E00C43412 /* RadioLoveEnglish */;
			targetProxy = 19171F621B9ACF7E00C43412 /* PBXContainerItemProxy */;
		};
/* End PBXTargetDependency section */

/* Begin PBXVariantGroup section */
		19171F551B9ACF7E00C43412 /* Main.storyboard */ = {
			isa = PBXVariantGroup;
			children = (
				19171F561B9ACF7E00C43412 /* Base */,
			);
			name = Main.storyboard;
			sourceTree = "<group>";
		};
		19171F5A1B9ACF7E00C43412 /* LaunchScreen.xib */ = {
			isa = PBXVariantGroup;
			children = (
				19171F5B1B9ACF7E00C43412 /* Base */,
			);
			name = LaunchScreen.xib;
			sourceTree = "<group>";
		};
/* End PBXVariantGroup section */

/* Begin XCBuildConfiguration section */
		19171F691B9ACF7E00C43412 /* Debug */ = {
			isa = XCBuildConfiguration;
			buildSettings = {
				ALWAYS_SEARCH_USER_PATHS = NO;
				CLANG_CXX_LANGUAGE_STANDARD = "gnu++0x";
				CLANG_CXX_LIBRARY = "libc++";
				CLANG_ENABLE_MODULES = YES;
				CLANG_ENABLE_OBJC_ARC = YES;
				CLANG_WARN_BOOL_CONVERSION = YES;
				CLANG_WARN_CONSTANT_CONVERSION = YES;
				CLANG_WARN_DIRECT_OBJC_ISA_USAGE = YES_ERROR;
				CLANG_WARN_EMPTY_BODY = YES;
				CLANG_WARN_ENUM_CONVERSION = YES;
				CLANG_WARN_INT_CONVERSION = YES;
				CLANG_WARN_OBJC_ROOT_CLASS = YES_ERROR;
				CLANG_WARN_UNREACHABLE_CODE = YES;
				CLANG_WARN__DUPLICATE_METHOD_MATCH = YES;
				"CODE_SIGN_IDENTITY[sdk=iphoneos*]" = "iPhone Developer";
				COPY_PHASE_STRIP = NO;
				DEBUG_INFORMATION_FORMAT = "dwarf-with-dsym";
				ENABLE_STRICT_OBJC_MSGSEND = YES;
				GCC_C_LANGUAGE_STANDARD = gnu99;
				GCC_DYNAMIC_NO_PIC = NO;
				GCC_NO_COMMON_BLOCKS = YES;
				GCC_OPTIMIZATION_LEVEL = 0;
				GCC_PREPROCESSOR_DEFINITIONS = (
					"DEBUG=1",
					"$(inherited)",
				);
				GCC_SYMBOLS_PRIVATE_EXTERN = NO;
				GCC_WARN_64_TO_32_BIT_CONVERSION = YES;
				GCC_WARN_ABOUT_RETURN_TYPE = YES_ERROR;
				GCC_WARN_UNDECLARED_SELECTOR = YES;
				GCC_WARN_UNINITIALIZED_AUTOS = YES_AGGRESSIVE;
				GCC_WARN_UNUSED_FUNCTION = YES;
				GCC_WARN_UNUSED_VARIABLE = YES;
				IPHONEOS_DEPLOYMENT_TARGET = 8.4;
				MTL_ENABLE_DEBUG_INFO = YES;
				ONLY_ACTIVE_ARCH = YES;
				SDKROOT = iphoneos;
				TARGETED_DEVICE_FAMILY = "1,2";
			};
			name = Debug;
		};
		19171F6A1B9ACF7E00C43412 /* Release */ = {
			isa = XCBuildConfiguration;
			buildSettings = {
				ALWAYS_SEARCH_USER_PATHS = NO;
				CLANG_CXX_LANGUAGE_STANDARD = "gnu++0x";
				CLANG_CXX_LIBRARY = "libc++";
				CLANG_ENABLE_MODULES = YES;
				CLANG_ENABLE_OBJC_ARC = YES;
				CLANG_WARN_BOOL_CONVERSION = YES;
				CLANG_WARN_CONSTANT_CONVERSION = YES;
				CLANG_WARN_DIRECT_OBJC_ISA_USAGE = YES_ERROR;
				CLANG_WARN_EMPTY_BODY = YES;
				CLANG_WARN_ENUM_CONVERSION = YES;
				CLANG_WARN_INT_CONVERSION = YES;
				CLANG_WARN_OBJC_ROOT_CLASS = YES_ERROR;
				CLANG_WARN_UNREACHABLE_CODE = YES;
				CLANG_WARN__DUPLICATE_METHOD_MATCH = YES;
				"CODE_SIGN_IDENTITY[sdk=iphoneos*]" = "iPhone Developer";
				COPY_PHASE_STRIP = NO;
				DEBUG_INFORMATION_FORMAT = "dwarf-with-dsym";
				ENABLE_NS_ASSERTIONS = NO;
				ENABLE_STRICT_OBJC_MSGSEND = YES;
				GCC_C_LANGUAGE_STANDARD = gnu99;
				GCC_NO_COMMON_BLOCKS = YES;
				GCC_WARN_64_TO_32_BIT_CONVERSION = YES;
				GCC_WARN_ABOUT_RETURN_TYPE = YES_ERROR;
				GCC_WARN_UNDECLARED_SELECTOR = YES;
				GCC_WARN_UNINITIALIZED_AUTOS = YES_AGGRESSIVE;
				GCC_WARN_UNUSED_FUNCTION = YES;
				GCC_WARN_UNUSED_VARIABLE = YES;
				IPHONEOS_DEPLOYMENT_TARGET = 8.4;
				MTL_ENABLE_DEBUG_INFO = NO;
				SDKROOT = iphoneos;
				TARGETED_DEVICE_FAMILY = "1,2";
				VALIDATE_PRODUCT = YES;
			};
			name = Release;
		};
		19171F6C1B9ACF7E00C43412 /* Debug */ = {
			isa = XCBuildConfiguration;
			buildSettings = {
				ASSETCATALOG_COMPILER_APPICON_NAME = AppIcon;
				INFOPLIST_FILE = RadioLoveEnglish/Info.plist;
				LD_RUNPATH_SEARCH_PATHS = "$(inherited) @executable_path/Frameworks";
				PRODUCT_NAME = "$(TARGET_NAME)";
			};
			name = Debug;
		};
		19171F6D1B9ACF7E00C43412 /* Release */ = {
			isa = XCBuildConfiguration;
			buildSettings = {
				ASSETCATALOG_COMPILER_APPICON_NAME = AppIcon;
				INFOPLIST_FILE = RadioLoveEnglish/Info.plist;
				LD_RUNPATH_SEARCH_PATHS = "$(inherited) @executable_path/Frameworks";
				PRODUCT_NAME = "$(TARGET_NAME)";
			};
			name = Release;
		};
		19171F6F1B9ACF7E00C43412 /* Debug */ = {
			isa = XCBuildConfiguration;
			buildSettings = {
				BUNDLE_LOADER = "$(TEST_HOST)";
				FRAMEWORK_SEARCH_PATHS = (
					"$(SDKROOT)/Developer/Library/Frameworks",
					"$(inherited)",
				);
				GCC_PREPROCESSOR_DEFINITIONS = (
					"DEBUG=1",
					"$(inherited)",
				);
				INFOPLIST_FILE = RadioLoveEnglishTests/Info.plist;
				LD_RUNPATH_SEARCH_PATHS = "$(inherited) @executable_path/Frameworks @loader_path/Frameworks";
				PRODUCT_NAME = "$(TARGET_NAME)";
				TEST_HOST = "$(BUILT_PRODUCTS_DIR)/RadioLoveEnglish.app/RadioLoveEnglish";
			};
			name = Debug;
		};
		19171F701B9ACF7E00C43412 /* Release */ = {
			isa = XCBuildConfiguration;
			buildSettings = {
				BUNDLE_LOADER = "$(TEST_HOST)";
				FRAMEWORK_SEARCH_PATHS = (
					"$(SDKROOT)/Developer/Library/Frameworks",
					"$(inherited)",
				);
				INFOPLIST_FILE = RadioLoveEnglishTests/Info.plist;
				LD_RUNPATH_SEARCH_PATHS = "$(inherited) @executable_path/Frameworks @loader_path/Frameworks";
				PRODUCT_NAME = "$(TARGET_NAME)";
				TEST_HOST = "$(BUILT_PRODUCTS_DIR)/RadioLoveEnglish.app/RadioLoveEnglish";
			};
			name = Release;
		};
/* End XCBuildConfiguration section */

/* Begin XCConfigurationList section */
		19171F431B9ACF7E00C43412 /* Build configuration list for PBXProject "RadioLoveEnglish" */ = {
			isa = XCConfigurationList;
			buildConfigurations = (
				19171F691B9ACF7E00C43412 /* Debug */,
				19171F6A1B9ACF7E00C43412 /* Release */,
			);
			defaultConfigurationIsVisible = 0;
			defaultConfigurationName = Release;
		};
		19171F6B1B9ACF7E00C43412 /* Build configuration list for PBXNativeTarget "RadioLoveEnglish" */ = {
			isa = XCConfigurationList;
			buildConfigurations = (
				19171F6C1B9ACF7E00C43412 /* Debug */,
				19171F6D1B9ACF7E00C43412 /* Release */,
			);
			defaultConfigurationIsVisible = 0;
		};
		19171F6E1B9ACF7E00C43412 /* Build configuration list for PBXNativeTarget "RadioLoveEnglishTests" */ = {
			isa = XCConfigurationList;
			buildConfigurations = (
				19171F6F1B9ACF7E00C43412 /* Debug */,
				19171F701B9ACF7E00C43412 /* Release */,
			);
			defaultConfigurationIsVisible = 0;
		};
/* End XCConfigurationList section */
	};
	rootObject = 19171F401B9ACF7E00C43412 /* Project object */;
}
